
Microsoft Visual Studio Solution File, Format Version 12.00
# Visual Studio Version 17
VisualStudioVersion = 17.2.32516.85
MinimumVisualStudioVersion = 10.0.40219.1
Project("{FAE04EC0-301F-11D3-BF4B-00C04F79EFBC}") = "Ejercicio1", "Ejercicio1\Ejercicio1.csproj", "{63FF7F4C-306C-43C4-A8F0-491E12D364F0}"
EndProject
Project("{FAE04EC0-301F-11D3-BF4B-00C04F79EFBC}") = "Banco", "Banco\Banco.csproj", "{AFF9245B-B865-4CC7-BE28-DC378C02FFDA}"
EndProject
Global
	GlobalSection(SolutionConfigurationPlatforms) = preSolution
		Debug|Any CPU = Debug|Any CPU
		Release|Any CPU = Release|Any CPU
	EndGlobalSection
	GlobalSection(ProjectConfigurationPlatforms) = postSolution
		{63FF7F4C-306C-43C4-A8F0-491E12D364F0}.Debug|Any CPU.ActiveCfg = Debug|Any CPU
		{63FF7F4C-306C-43C4-A8F0-491E12D364F0}.Debug|Any CPU.Build.0 = Debug|Any CPU
		{63FF7F4C-306C-43C4-A8F0-491E12D364F0}.Release|Any CPU.ActiveCfg = Release|Any CPU
		{63FF7F4C-306C-43C4-A8F0-491E12D364F0}.Release|Any CPU.Build.0 = Release|Any CPU
		{AFF9245B-B865-4CC7-BE28-DC378C02FFDA}.Debug|Any CPU.ActiveCfg = Debug|Any CPU
		{AFF9245B-B865-4CC7-BE28-DC378C02FFDA}.Debug|Any CPU.Build.0 = Debug|Any CPU
		{AFF9245B-B865-4CC7-BE28-DC378C02FFDA}.Release|Any CPU.ActiveCfg = Release|Any CPU
		{AFF9245B-B865-4CC7-BE28-DC378C02FFDA}.Release|Any CPU.Build.0 = Release|Any CPU
	EndGlobalSection
	GlobalSection(SolutionProperties) = preSolution
		HideSolutionNode = FALSE
	EndGlobalSection
	GlobalSection(ExtensibilityGlobals) = postSolution
		SolutionGuid = {DED70318-3E51-43E8-A640-66C06D56D0F9}
	EndGlobalSection
EndGlobal
